
Microsoft Visual Studio Solution File, Format Version 12.00
# Visual Studio Version 17
VisualStudioVersion = 17.9.34902.65
MinimumVisualStudioVersion = 10.0.40219.1
Project("{9A19103F-16F7-4668-BE54-9A1E7A4F7556}") = "BabyNanny", "BabyNanny\BabyNanny.csproj", "{73234D4F-1C3C-4715-9835-12B4BB33F1B3}"
EndProject
Global
	GlobalSection(SolutionConfigurationPlatforms) = preSolution
		Debug|Any CPU = Debug|Any CPU
		Release|Any CPU = Release|Any CPU
	EndGlobalSection
	GlobalSection(ProjectConfigurationPlatforms) = postSolution
		{73234D4F-1C3C-4715-9835-12B4BB33F1B3}.Debug|Any CPU.ActiveCfg = Debug|Any CPU
		{73234D4F-1C3C-4715-9835-12B4BB33F1B3}.Debug|Any CPU.Build.0 = Debug|Any CPU
		{73234D4F-1C3C-4715-9835-12B4BB33F1B3}.Debug|Any CPU.Deploy.0 = Debug|Any CPU
		{73234D4F-1C3C-4715-9835-12B4BB33F1B3}.Release|Any CPU.ActiveCfg = Release|Any CPU
		{73234D4F-1C3C-4715-9835-12B4BB33F1B3}.Release|Any CPU.Build.0 = Release|Any CPU
		{73234D4F-1C3C-4715-9835-12B4BB33F1B3}.Release|Any CPU.Deploy.0 = Release|Any CPU
	EndGlobalSection
	GlobalSection(SolutionProperties) = preSolution
		HideSolutionNode = FALSE
	EndGlobalSection
	GlobalSection(ExtensibilityGlobals) = postSolution
		SolutionGuid = {A25E8235-FA27-43A8-97DF-F03095ABB0A2}
	EndGlobalSection
EndGlobal
